
Microsoft Visual Studio Solution File, Format Version 12.00
# Visual Studio Version 16
VisualStudioVersion = 16.0.31515.178
MinimumVisualStudioVersion = 10.0.40219.1
Project("{FAE04EC0-301F-11D3-BF4B-00C04F79EFBC}") = "EjerciciodeTarea19_08", "EjerciciodeTarea19_08\EjerciciodeTarea19_08.csproj", "{3860975B-420F-4B53-B779-E270847E7CC6}"
EndProject
Project("{FAE04EC0-301F-11D3-BF4B-00C04F79EFBC}") = "Tarea19_08", "Tarea19_08\Tarea19_08.csproj", "{69F0FB25-8013-4077-B17F-BEB4D17AC0CB}"
EndProject
Global
	GlobalSection(SolutionConfigurationPlatforms) = preSolution
		Debug|Any CPU = Debug|Any CPU
		Release|Any CPU = Release|Any CPU
	EndGlobalSection
	GlobalSection(ProjectConfigurationPlatforms) = postSolution
		{3860975B-420F-4B53-B779-E270847E7CC6}.Debug|Any CPU.ActiveCfg = Debug|Any CPU
		{3860975B-420F-4B53-B779-E270847E7CC6}.Debug|Any CPU.Build.0 = Debug|Any CPU
		{3860975B-420F-4B53-B779-E270847E7CC6}.Release|Any CPU.ActiveCfg = Release|Any CPU
		{3860975B-420F-4B53-B779-E270847E7CC6}.Release|Any CPU.Build.0 = Release|Any CPU
		{69F0FB25-8013-4077-B17F-BEB4D17AC0CB}.Debug|Any CPU.ActiveCfg = Debug|Any CPU
		{69F0FB25-8013-4077-B17F-BEB4D17AC0CB}.Debug|Any CPU.Build.0 = Debug|Any CPU
		{69F0FB25-8013-4077-B17F-BEB4D17AC0CB}.Release|Any CPU.ActiveCfg = Release|Any CPU
		{69F0FB25-8013-4077-B17F-BEB4D17AC0CB}.Release|Any CPU.Build.0 = Release|Any CPU
	EndGlobalSection
	GlobalSection(SolutionProperties) = preSolution
		HideSolutionNode = FALSE
	EndGlobalSection
	GlobalSection(ExtensibilityGlobals) = postSolution
		SolutionGuid = {37599591-1C64-4842-9C89-69AE6E35A0E7}
	EndGlobalSection
EndGlobal
